github.com/common-nighthawk/go-figure v0.0.0-20200609044655-c4b36f998cf2 h1:tjT4Jp4gxECvsJcYpAMtW2I3YqzBTPuB67OejxXs86s=
github.com/common-nighthawk/go-figure v0.0.0-20200609044655-c4b36f998cf2/go.mod h1:mk5IQ+Y0ZeO87b858TlA645sVcEcbiX6YqP98kt+7+w=
github.com/dhawton/log4g v0.99.2 h1:1s+Z3D8sMGfxq5EZzU7meHW0uqFC6LXaIwiCWz6pRCQ=
github.com/dhawton/log4g v0.99.2/go.mod h1:YVfgLeiC2HNBBggPpIYoP+SjPy50yXDEzf/5XHjJc1Y=
github.com/go-sql-driver/mysql v1.6.0 h1:BCTh4TKNUYmOmMUcQ3IipzF5prigylS7XXjEkfCHuOE=
github.com/go-sql-driver/mysql v1.6.0/go.mod h1:DCzpHaOWr8IXmIStZouvnhqoel9Qv2LBy8hT2VhHyBg=
github.com/jinzhu/inflection v1.0.0 h1:K317FqzuhWc8YvSVlFMCCUb36O/S9MCKRDI7QkRKD/E=
github.com/jinzhu/inflection v1.0.0/go.mod h1:h+uFLlag+Qp1Va5pdKtLDYj+kHp5pxUVkryuEj+Srlc=
github.com/jinzhu/now v1.1.2 h1:eVKgfIdy9b6zbWBMgFpfDPoAMifwSZagU9HmEU6zgiI=
github.com/jinzhu/now v1.1.2/go.mod h1:d3SSVoowX0Lcu0IBviAWJpolVfI5UJVZZ7cO71lE/z8=
github.com/joho/godotenv v1.3.0 h1:Zjp+RcGpHhGlrMbJzXTrZZPrWj+1vfm90La1wgB6Bhc=
github.com/joho/godotenv v1.3.0/go.mod h1:7hK45KPybAkOC6peb+G5yklZfMxEjkZhHbwpqxOKXbg=
github.com/kzdv/types v0.0.0-20210616012142-62719870eeb7 h1:fgQ6M7f+VW4/O5NoQsK7uRjuXUHM+1A70qzBvKpM3vc=
github.com/kzdv/types v0.0.0-20210616012142-62719870eeb7/go.mod h1:KCVtHpRxBldhoguu9pDby3iQ+hmvOsPNB1tE4h7d7nk=
github.com/kzdv/types v0.0.0-20210616013649-141e80c6de6e h1:6X4GfbsYYP3LE+a/CmvfJrFxXoHJQFQlvEXEbMl8T1Y=
github.com/kzdv/types v0.0.0-20210616013649-141e80c6de6e/go.mod h1:KCVtHpRxBldhoguu9pDby3iQ+hmvOsPNB1tE4h7d7nk=
github.com/kzdv/types v0.0.0-20210616014627-fc2fc789d5bd h1:GZ684AlXM63tr5EImQppfGPevKxHKa/A+t1RQfNxens=
github.com/kzdv/types v0.0.0-20210616014627-fc2fc789d5bd/go.mod h1:KCVtHpRxBldhoguu9pDby3iQ+hmvOsPNB1tE4h7d7nk=
github.com/kzdv/types v0.0.0-20210616023355-c696615528ce h1:SPuNiq1mlNoO3K7kiMJaALdYXnbaHHU93ZSK9V5+ViI=
github.com/kzdv/types v0.0.0-20210616023355-c696615528ce/go.mod h1:KCVtHpRxBldhoguu9pDby3iQ+hmvOsPNB1tE4h7d7nk=
github.com/robfig/cron/v3 v3.0.1 h1:WdRxkvbJztn8LMz/QEvLN5sBU+xKpSqwwUO1Pjr4qDs=
github.com/robfig/cron/v3 v3.0.1/go.mod h1:eQICP3HwyT7UooqI/z+Ov+PtYAWygg1TEWWzGIFLtro=
github.com/vchicago/types v0.0.0-20210709231223-a06cfc3fa3d4 h1:irEIJnkaPWQnZoeLUCkOpC0XJkypZAqIXPEo+fBPkbM=
github.com/vchicago/types v0.0.0-20210709231223-a06cfc3fa3d4/go.mod h1:n13UVTFIkREf2gnCH7RL7pUcVbTgfmiCyhUxh3v0arA=
gorm.io/driver/mysql v1.1.0 h1:3PgFPJlFq5Xt/0WRiRjxIVaXjeHY+2TQ5feXgpSpEC4=
gorm.io/driver/mysql v1.1.0/go.mod h1:KdrTanmfLPPyAOeYGyG+UpDys7/7eeWT1zCq+oekYnU=
gorm.io/gorm v1.21.9/go.mod h1:F+OptMscr0P2F2qU97WT1WimdH9GaQPoDW7AYd5i2Y0=
gorm.io/gorm v1.21.11 h1:CxkXW6Cc+VIBlL8yJEHq+Co4RYXdSLiMKNvgoZPjLK4=
gorm.io/gorm v1.21.11/go.mod h1:F+OptMscr0P2F2qU97WT1WimdH9GaQPoDW7AYd5i2Y0=
